
Microsoft Visual Studio Solution File, Format Version 12.00
# Visual Studio Version 17
VisualStudioVersion = 17.4.33110.190
MinimumVisualStudioVersion = 10.0.40219.1
Project("{FAE04EC0-301F-11D3-BF4B-00C04F79EFBC}") = "CRUDForm", "CRUDForm\CRUDForm.csproj", "{61B74B19-45DD-40DD-B5ED-FE23F8DCE5AB}"
EndProject
Global
	GlobalSection(SolutionConfigurationPlatforms) = preSolution
		Debug|Any CPU = Debug|Any CPU
		Release|Any CPU = Release|Any CPU
	EndGlobalSection
	GlobalSection(ProjectConfigurationPlatforms) = postSolution
		{61B74B19-45DD-40DD-B5ED-FE23F8DCE5AB}.Debug|Any CPU.ActiveCfg = Debug|Any CPU
		{61B74B19-45DD-40DD-B5ED-FE23F8DCE5AB}.Debug|Any CPU.Build.0 = Debug|Any CPU
		{61B74B19-45DD-40DD-B5ED-FE23F8DCE5AB}.Release|Any CPU.ActiveCfg = Release|Any CPU
		{61B74B19-45DD-40DD-B5ED-FE23F8DCE5AB}.Release|Any CPU.Build.0 = Release|Any CPU
	EndGlobalSection
	GlobalSection(SolutionProperties) = preSolution
		HideSolutionNode = FALSE
	EndGlobalSection
	GlobalSection(ExtensibilityGlobals) = postSolution
		SolutionGuid = {0DDAEED8-856E-46F0-B3A5-EA92DAB62A74}
	EndGlobalSection
EndGlobal
